
Microsoft Visual Studio Solution File, Format Version 12.00
# Visual Studio Version 16
VisualStudioVersion = 16.0.30011.22
MinimumVisualStudioVersion = 10.0.40219.1
Project("{FAE04EC0-301F-11D3-BF4B-00C04F79EFBC}") = "RefernceAndValueTypes", "RefernceAndValueTypes\RefernceAndValueTypes.csproj", "{FE44E360-B119-4279-856E-000872DABDF6}"
EndProject
Global
	GlobalSection(SolutionConfigurationPlatforms) = preSolution
		Debug|Any CPU = Debug|Any CPU
		Release|Any CPU = Release|Any CPU
	EndGlobalSection
	GlobalSection(ProjectConfigurationPlatforms) = postSolution
		{FE44E360-B119-4279-856E-000872DABDF6}.Debug|Any CPU.ActiveCfg = Debug|Any CPU
		{FE44E360-B119-4279-856E-000872DABDF6}.Debug|Any CPU.Build.0 = Debug|Any CPU
		{FE44E360-B119-4279-856E-000872DABDF6}.Release|Any CPU.ActiveCfg = Release|Any CPU
		{FE44E360-B119-4279-856E-000872DABDF6}.Release|Any CPU.Build.0 = Release|Any CPU
	EndGlobalSection
	GlobalSection(SolutionProperties) = preSolution
		HideSolutionNode = FALSE
	EndGlobalSection
	GlobalSection(ExtensibilityGlobals) = postSolution
		SolutionGuid = {80625A11-F5F9-44DD-A895-91C0E2D012FD}
	EndGlobalSection
EndGlobal
