
Microsoft Visual Studio Solution File, Format Version 12.00
# Visual Studio Version 16
VisualStudioVersion = 16.0.30011.22
MinimumVisualStudioVersion = 10.0.40219.1
Project("{FAE04EC0-301F-11D3-BF4B-00C04F79EFBC}") = "Shooter.Core", "Shooter.Core\Shooter.Core.csproj", "{B2B2789B-2510-4295-8616-BA4C486302B9}"
EndProject
Project("{FAE04EC0-301F-11D3-BF4B-00C04F79EFBC}") = "Shooter.ConsoleUI", "Shooter.ConsoleUI\Shooter.ConsoleUI.csproj", "{69D7B24D-C1C9-4C26-A2C3-BED83BF2177F}"
EndProject
Global
	GlobalSection(SolutionConfigurationPlatforms) = preSolution
		Debug|Any CPU = Debug|Any CPU
		Release|Any CPU = Release|Any CPU
	EndGlobalSection
	GlobalSection(ProjectConfigurationPlatforms) = postSolution
		{B2B2789B-2510-4295-8616-BA4C486302B9}.Debug|Any CPU.ActiveCfg = Debug|Any CPU
		{B2B2789B-2510-4295-8616-BA4C486302B9}.Debug|Any CPU.Build.0 = Debug|Any CPU
		{B2B2789B-2510-4295-8616-BA4C486302B9}.Release|Any CPU.ActiveCfg = Release|Any CPU
		{B2B2789B-2510-4295-8616-BA4C486302B9}.Release|Any CPU.Build.0 = Release|Any CPU
		{69D7B24D-C1C9-4C26-A2C3-BED83BF2177F}.Debug|Any CPU.ActiveCfg = Debug|Any CPU
		{69D7B24D-C1C9-4C26-A2C3-BED83BF2177F}.Debug|Any CPU.Build.0 = Debug|Any CPU
		{69D7B24D-C1C9-4C26-A2C3-BED83BF2177F}.Release|Any CPU.ActiveCfg = Release|Any CPU
		{69D7B24D-C1C9-4C26-A2C3-BED83BF2177F}.Release|Any CPU.Build.0 = Release|Any CPU
	EndGlobalSection
	GlobalSection(SolutionProperties) = preSolution
		HideSolutionNode = FALSE
	EndGlobalSection
	GlobalSection(ExtensibilityGlobals) = postSolution
		SolutionGuid = {55A526B0-A897-4D7F-A54F-A312A5D76F3B}
	EndGlobalSection
EndGlobal
