
Microsoft Visual Studio Solution File, Format Version 12.00
# Visual Studio Version 16
VisualStudioVersion = 16.0.30011.22
MinimumVisualStudioVersion = 10.0.40219.1
Project("{9A19103F-16F7-4668-BE54-9A1E7A4F7556}") = "ExtensionMethods", "ExtensionMethods\ExtensionMethods.csproj", "{8C24F5B0-76AE-4A12-988E-1452F751911A}"
EndProject
Project("{FAE04EC0-301F-11D3-BF4B-00C04F79EFBC}") = "ExtensionMethods.Tests", "ExtensionMethods.Tests\ExtensionMethods.Tests.csproj", "{BA8F9C09-1FB1-425B-B2DD-7ABE3B568592}"
EndProject
Global
	GlobalSection(SolutionConfigurationPlatforms) = preSolution
		Debug|Any CPU = Debug|Any CPU
		Release|Any CPU = Release|Any CPU
	EndGlobalSection
	GlobalSection(ProjectConfigurationPlatforms) = postSolution
		{8C24F5B0-76AE-4A12-988E-1452F751911A}.Debug|Any CPU.ActiveCfg = Debug|Any CPU
		{8C24F5B0-76AE-4A12-988E-1452F751911A}.Debug|Any CPU.Build.0 = Debug|Any CPU
		{8C24F5B0-76AE-4A12-988E-1452F751911A}.Release|Any CPU.ActiveCfg = Release|Any CPU
		{8C24F5B0-76AE-4A12-988E-1452F751911A}.Release|Any CPU.Build.0 = Release|Any CPU
		{BA8F9C09-1FB1-425B-B2DD-7ABE3B568592}.Debug|Any CPU.ActiveCfg = Debug|Any CPU
		{BA8F9C09-1FB1-425B-B2DD-7ABE3B568592}.Debug|Any CPU.Build.0 = Debug|Any CPU
		{BA8F9C09-1FB1-425B-B2DD-7ABE3B568592}.Release|Any CPU.ActiveCfg = Release|Any CPU
		{BA8F9C09-1FB1-425B-B2DD-7ABE3B568592}.Release|Any CPU.Build.0 = Release|Any CPU
	EndGlobalSection
	GlobalSection(SolutionProperties) = preSolution
		HideSolutionNode = FALSE
	EndGlobalSection
	GlobalSection(ExtensibilityGlobals) = postSolution
		SolutionGuid = {B0D3CB89-5A1D-4929-8B91-B46E53A8D661}
	EndGlobalSection
EndGlobal
