
Microsoft Visual Studio Solution File, Format Version 12.00
# Visual Studio Version 16
VisualStudioVersion = 16.0.30011.22
MinimumVisualStudioVersion = 10.0.40219.1
Project("{FAE04EC0-301F-11D3-BF4B-00C04F79EFBC}") = "CSharpClasses", "CSharpClasses\CSharpClasses.csproj", "{5E474F9A-D734-4A5A-88E9-C4174A57FC1F}"
EndProject
Global
	GlobalSection(SolutionConfigurationPlatforms) = preSolution
		Debug|Any CPU = Debug|Any CPU
		Release|Any CPU = Release|Any CPU
	EndGlobalSection
	GlobalSection(ProjectConfigurationPlatforms) = postSolution
		{5E474F9A-D734-4A5A-88E9-C4174A57FC1F}.Debug|Any CPU.ActiveCfg = Debug|Any CPU
		{5E474F9A-D734-4A5A-88E9-C4174A57FC1F}.Debug|Any CPU.Build.0 = Debug|Any CPU
		{5E474F9A-D734-4A5A-88E9-C4174A57FC1F}.Release|Any CPU.ActiveCfg = Release|Any CPU
		{5E474F9A-D734-4A5A-88E9-C4174A57FC1F}.Release|Any CPU.Build.0 = Release|Any CPU
	EndGlobalSection
	GlobalSection(SolutionProperties) = preSolution
		HideSolutionNode = FALSE
	EndGlobalSection
	GlobalSection(ExtensibilityGlobals) = postSolution
		SolutionGuid = {33C69DD9-C6A2-47AE-9588-0136AE0273D2}
	EndGlobalSection
EndGlobal
